{
  "nodes": {
    "agenix": {
      "inputs": {
        "darwin": [],
        "home-manager": [
          "home-manager"
        ],
        "nixpkgs": [
          "nixpkgs"
        ],
        "systems": "systems"
      },
      "locked": {
        "lastModified": 1762618334,
        "narHash": "sha256-wyT7Pl6tMFbFrs8Lk/TlEs81N6L+VSybPfiIgzU8lbQ=",
        "owner": "ryantm",
        "repo": "agenix",
        "rev": "fcdea223397448d35d9b31f798479227e80183f6",
        "type": "github"
      },
      "original": {
        "owner": "ryantm",
        "repo": "agenix",
        "type": "github"
      }
    },
    "caelestia-cli": {
      "inputs": {
        "caelestia-shell": [
          "caelestia-shell"
        ],
        "nixpkgs": [
          "caelestia-shell",
          "nixpkgs"
        ]
      },
      "locked": {
        "lastModified": 1762480719,
        "narHash": "sha256-TjTMNmndJJIxP/N6owC/CoAPiRuM99fNaQbZqHDtwLw=",
        "owner": "caelestia-dots",
        "repo": "cli",
        "rev": "9323fbf1b497204e17dff103cf412daf04a5c723",
        "type": "github"
      },
      "original": {
        "owner": "caelestia-dots",
        "repo": "cli",
        "type": "github"
      }
    },
    "caelestia-shell": {
      "inputs": {
        "caelestia-cli": "caelestia-cli",
        "nixpkgs": [
          "nixpkgs"
        ],
        "quickshell": "quickshell"
      },
      "locked": {
        "lastModified": 1762651107,
        "narHash": "sha256-V++8JREoP1TC6ROYByMAKx/cSyxza0tp1tUNOpq5Z4k=",
        "owner": "caelestia-dots",
        "repo": "shell",
        "rev": "c0ea060ffecd3f38233652556d3085d094082400",
        "type": "github"
      },
      "original": {
        "owner": "caelestia-dots",
        "repo": "shell",
        "type": "github"
      }
    },
    "chaotic": {
      "inputs": {
        "flake-schemas": "flake-schemas",
        "home-manager": "home-manager",
        "jovian": "jovian",
        "nixpkgs": "nixpkgs",
        "rust-overlay": "rust-overlay"
      },
      "locked": {
        "lastModified": 1762966292,
        "narHash": "sha256-WJtAHPDOJRd/ecQJBFyuyqBIbDG0ocdQuBGPBRRsgew=",
        "owner": "chaotic-cx",
        "repo": "nyx",
        "rev": "037d0bb4a6b51609e66fab2221d3bca2d3b5fa3b",
        "type": "github"
      },
      "original": {
        "owner": "chaotic-cx",
        "ref": "nyxpkgs-unstable",
        "repo": "nyx",
        "type": "github"
      }
    },
    "disko": {
      "inputs": {
        "nixpkgs": [
          "nixpkgs"
        ]
      },
      "locked": {
        "lastModified": 1762276996,
        "narHash": "sha256-TtcPgPmp2f0FAnc+DMEw4ardEgv1SGNR3/WFGH0N19M=",
        "owner": "nix-community",
        "repo": "disko",
        "rev": "af087d076d3860760b3323f6b583f4d828c1ac17",
        "type": "github"
      },
      "original": {
        "owner": "nix-community",
        "repo": "disko",
        "type": "github"
      }
    },
    "flake-parts": {
      "inputs": {
        "nixpkgs-lib": [
          "nixpkgs-nur",
          "nixpkgs"
        ]
      },
      "locked": {
        "lastModified": 1733312601,
        "narHash": "sha256-4pDvzqnegAfRkPwO3wmwBhVi/Sye1mzps0zHWYnP88c=",
        "owner": "hercules-ci",
        "repo": "flake-parts",
        "rev": "205b12d8b7cd4802fbcb8e8ef6a0f1408781a4f9",
        "type": "github"
      },
      "original": {
        "owner": "hercules-ci",
        "repo": "flake-parts",
        "type": "github"
      }
    },
    "flake-parts_2": {
      "inputs": {
        "nixpkgs-lib": [
          "nvim",
          "neovim-nightly-overlay",
          "nixpkgs"
        ]
      },
      "locked": {
        "lastModified": 1762040540,
        "narHash": "sha256-z5PlZ47j50VNF3R+IMS9LmzI5fYRGY/Z5O5tol1c9I4=",
        "owner": "hercules-ci",
        "repo": "flake-parts",
        "rev": "0010412d62a25d959151790968765a70c436598b",
        "type": "github"
      },
      "original": {
        "owner": "hercules-ci",
        "repo": "flake-parts",
        "type": "github"
      }
    },
    "flake-schemas": {
      "locked": {
        "lastModified": 1721999734,
        "narHash": "sha256-G5CxYeJVm4lcEtaO87LKzOsVnWeTcHGKbKxNamNWgOw=",
        "rev": "0a5c42297d870156d9c57d8f99e476b738dcd982",
        "revCount": 75,
        "type": "tarball",
        "url": "https://api.flakehub.com/f/pinned/DeterminateSystems/flake-schemas/0.1.5/0190ef2f-61e0-794b-ba14-e82f225e55e6/source.tar.gz"
      },
      "original": {
        "type": "tarball",
        "url": "https://flakehub.com/f/DeterminateSystems/flake-schemas/%3D0.1.5.tar.gz"
      }
    },
    "home-manager": {
      "inputs": {
        "nixpkgs": [
          "chaotic",
          "nixpkgs"
        ]
      },
      "locked": {
        "lastModified": 1762787259,
        "narHash": "sha256-t2U/GLLXHa2+kJkwnFNRVc2fEJ/lUfyZXBE5iKzJdcs=",
        "owner": "nix-community",
        "repo": "home-manager",
        "rev": "37a3d97f2873e0f68711117c34d04b7c7ead8f4e",
        "type": "github"
      },
      "original": {
        "owner": "nix-community",
        "repo": "home-manager",
        "type": "github"
      }
    },
    "home-manager_2": {
      "inputs": {
        "nixpkgs": [
          "nixpkgs"
        ]
      },
      "locked": {
        "lastModified": 1762964643,
        "narHash": "sha256-RYHN8O/Aja59XDji6WSJZPkJpYVUfpSkyH+PEupBJqM=",
        "owner": "nix-community",
        "repo": "home-manager",
        "rev": "827f2a23373a774a8805f84ca5344654c31f354b",
        "type": "github"
      },
      "original": {
        "owner": "nix-community",
        "repo": "home-manager",
        "type": "github"
      }
    },
    "jovian": {
      "inputs": {
        "nix-github-actions": "nix-github-actions",
        "nixpkgs": [
          "chaotic",
          "nixpkgs"
        ]
      },
      "locked": {
        "lastModified": 1762856455,
        "narHash": "sha256-x7zgteJWIlbVexL2ubOadUXKlHSjh0RAjLO1KfWdgpU=",
        "owner": "Jovian-Experiments",
        "repo": "Jovian-NixOS",
        "rev": "29a671ae20223d182eaf54b963a735230497c2f9",
        "type": "github"
      },
      "original": {
        "owner": "Jovian-Experiments",
        "repo": "Jovian-NixOS",
        "type": "github"
      }
    },
    "neovim-nightly-overlay": {
      "inputs": {
        "flake-parts": "flake-parts_2",
        "neovim-src": "neovim-src",
        "nixpkgs": [
          "nvim",
          "nixpkgs"
        ]
      },
      "locked": {
        "lastModified": 1762387511,
        "narHash": "sha256-bTi/KZFGl88ZpZFTHbCXsONBp8TsjSQhymVmMpEvfQM=",
        "owner": "nix-community",
        "repo": "neovim-nightly-overlay",
        "rev": "e908e40b31632fc2bcda917dadee8c3ab8b46167",
        "type": "github"
      },
      "original": {
        "owner": "nix-community",
        "repo": "neovim-nightly-overlay",
        "type": "github"
      }
    },
    "neovim-src": {
      "flake": false,
      "locked": {
        "lastModified": 1762378742,
        "narHash": "sha256-MSZ3hjsnQnrkG1LokD5wSH8S+5A7evMEP1Nx+iu8YZQ=",
        "owner": "neovim",
        "repo": "neovim",
        "rev": "0472119fe61a50e56382ccdd42fb8324c1f0ab44",
        "type": "github"
      },
      "original": {
        "owner": "neovim",
        "repo": "neovim",
        "type": "github"
      }
    },
    "nix-github-actions": {
      "inputs": {
        "nixpkgs": [
          "chaotic",
          "jovian",
          "nixpkgs"
        ]
      },
      "locked": {
        "lastModified": 1729697500,
        "narHash": "sha256-VFTWrbzDlZyFHHb1AlKRiD/qqCJIripXKiCSFS8fAOY=",
        "owner": "zhaofengli",
        "repo": "nix-github-actions",
        "rev": "e418aeb728b6aa5ca8c5c71974e7159c2df1d8cf",
        "type": "github"
      },
      "original": {
        "owner": "zhaofengli",
        "ref": "matrix-name",
        "repo": "nix-github-actions",
        "type": "github"
      }
    },
    "nixCats": {
      "locked": {
        "lastModified": 1762227818,
        "narHash": "sha256-GSnU4XJucZojGVBGY7djqsT37P9YViCMTVw58tsqrOs=",
        "owner": "BirdeeHub",
        "repo": "nixCats-nvim",
        "rev": "fa7991a4fa7d7227486910ce6724215b88eb8296",
        "type": "github"
      },
      "original": {
        "owner": "BirdeeHub",
        "repo": "nixCats-nvim",
        "type": "github"
      }
    },
    "nixos-facter-modules": {
      "locked": {
        "lastModified": 1762264948,
        "narHash": "sha256-iaRf6n0KPl9hndnIft3blm1YTAyxSREV1oX0MFZ6Tk4=",
        "owner": "nix-community",
        "repo": "nixos-facter-modules",
        "rev": "fa695bff9ec37fd5bbd7ee3181dbeb5f97f53c96",
        "type": "github"
      },
      "original": {
        "owner": "nix-community",
        "repo": "nixos-facter-modules",
        "type": "github"
      }
    },
    "nixpkgs": {
      "locked": {
        "lastModified": 1762844143,
        "narHash": "sha256-SlybxLZ1/e4T2lb1czEtWVzDCVSTvk9WLwGhmxFmBxI=",
        "owner": "NixOS",
        "repo": "nixpkgs",
        "rev": "9da7f1cf7f8a6e2a7cb3001b048546c92a8258b4",
        "type": "github"
      },
      "original": {
        "owner": "NixOS",
        "ref": "nixos-unstable",
        "repo": "nixpkgs",
        "type": "github"
      }
    },
    "nixpkgs-nur": {
      "inputs": {
        "flake-parts": "flake-parts",
        "nixpkgs": [
          "nixpkgs"
        ]
      },
      "locked": {
        "lastModified": 1763016136,
        "narHash": "sha256-1itV7Ojc1uS7LgDf0E7rsipkmKR7CY6zrYVn+eyyvCo=",
        "owner": "nix-community",
        "repo": "NUR",
        "rev": "6027139a67815567184b8ed6810830ab6c2041d8",
        "type": "github"
      },
      "original": {
        "owner": "nix-community",
        "repo": "NUR",
        "type": "github"
      }
    },
    "nixpkgs_2": {
      "locked": {
        "lastModified": 1762844143,
        "narHash": "sha256-SlybxLZ1/e4T2lb1czEtWVzDCVSTvk9WLwGhmxFmBxI=",
        "owner": "NixOS",
        "repo": "nixpkgs",
        "rev": "9da7f1cf7f8a6e2a7cb3001b048546c92a8258b4",
        "type": "github"
      },
      "original": {
        "owner": "NixOS",
        "ref": "nixos-unstable",
        "repo": "nixpkgs",
        "type": "github"
      }
    },
    "noctalia-shell": {
      "inputs": {
        "nixpkgs": [
          "nixpkgs"
        ],
        "quickshell": "quickshell_2",
        "systems": "systems_2"
      },
      "locked": {
        "lastModified": 1763009289,
        "narHash": "sha256-xIpOphcmL1ThleSRcLQfGODEmPYE03IqwK5sS++bacc=",
        "owner": "noctalia-dev",
        "repo": "noctalia-shell",
        "rev": "e4ef05f58f569cd2a0c3cecd7148cf9f479f0cf1",
        "type": "github"
      },
      "original": {
        "owner": "noctalia-dev",
        "repo": "noctalia-shell",
        "type": "github"
      }
    },
    "nvim": {
      "inputs": {
        "neovim-nightly-overlay": "neovim-nightly-overlay",
        "nixCats": "nixCats",
        "nixpkgs": [
          "nixpkgs"
        ],
        "plugins-blink-compat": "plugins-blink-compat",
        "plugins-cmp-dbee": "plugins-cmp-dbee",
        "plugins-codecompanion": "plugins-codecompanion",
        "plugins-copilot": "plugins-copilot",
        "plugins-daylight": "plugins-daylight",
        "plugins-dir-telescope": "plugins-dir-telescope",
        "plugins-easycolor": "plugins-easycolor",
        "plugins-esqueleto": "plugins-esqueleto",
        "plugins-ex-colors": "plugins-ex-colors",
        "plugins-exrc": "plugins-exrc",
        "plugins-garbage-day": "plugins-garbage-day",
        "plugins-git-conflict": "plugins-git-conflict",
        "plugins-gotmpl": "plugins-gotmpl",
        "plugins-guess-indent": "plugins-guess-indent",
        "plugins-harpoon": "plugins-harpoon",
        "plugins-kulala": "plugins-kulala",
        "plugins-lazydev": "plugins-lazydev",
        "plugins-lensline": "plugins-lensline",
        "plugins-live-command": "plugins-live-command",
        "plugins-lspconfig": "plugins-lspconfig",
        "plugins-lualine-nvim": "plugins-lualine-nvim",
        "plugins-neogit": "plugins-neogit",
        "plugins-nvim-dap-repl-highlights": "plugins-nvim-dap-repl-highlights",
        "plugins-nvim-dbee": "plugins-nvim-dbee",
        "plugins-nvim-lint": "plugins-nvim-lint",
        "plugins-nvim-toggler": "plugins-nvim-toggler",
        "plugins-oil": "plugins-oil",
        "plugins-oil-git": "plugins-oil-git",
        "plugins-oil-lsp-diagnostics": "plugins-oil-lsp-diagnostics",
        "plugins-oil-vcs-status": "plugins-oil-vcs-status",
        "plugins-overseer": "plugins-overseer",
        "plugins-profile": "plugins-profile",
        "plugins-quicker": "plugins-quicker",
        "plugins-render-markdown": "plugins-render-markdown",
        "plugins-search-replace": "plugins-search-replace",
        "plugins-sweetie": "plugins-sweetie",
        "plugins-tmux-navigation": "plugins-tmux-navigation",
        "plugins-tokyonight": "plugins-tokyonight",
        "plugins-treesitter-context": "plugins-treesitter-context",
        "plugins-ts-error-translator": "plugins-ts-error-translator",
        "plugins-typescript-tools": "plugins-typescript-tools",
        "plugins-undotree": "plugins-undotree",
        "plugins-venv-selector": "plugins-venv-selector",
        "plugins-yaml": "plugins-yaml"
      },
      "locked": {
        "path": "../nvim/fl-nvim",
        "type": "path"
      },
      "original": {
        "path": "../nvim/fl-nvim",
        "type": "path"
      },
      "parent": []
    },
    "opiz3-nix": {
      "inputs": {
        "nixpkgs": [
          "nixpkgs"
        ]
      },
      "locked": {
        "lastModified": 1704794077,
        "narHash": "sha256-35TnYDLwOO3lR/DYFDY3bv4vjJ8dWdGs/5HBqodnknU=",
        "owner": "flpflan",
        "repo": "orangepizero3-nix",
        "rev": "ad718ee40e560218d9a7959863007a456f6a977a",
        "type": "github"
      },
      "original": {
        "owner": "flpflan",
        "repo": "orangepizero3-nix",
        "type": "github"
      }
    },
    "plugins-blink-compat": {
      "flake": false,
      "locked": {
        "lastModified": 1748464440,
        "narHash": "sha256-EMQC+2hjgAGYcBoSKkR5LV7jUsl3Oi8rL3K7FNIHXIw=",
        "owner": "Saghen",
        "repo": "blink.compat",
        "rev": "1454f14a8d855a578ceeba77c62538fa1459a67c",
        "type": "github"
      },
      "original": {
        "owner": "Saghen",
        "repo": "blink.compat",
        "type": "github"
      }
    },
    "plugins-cmp-dbee": {
      "flake": false,
      "locked": {
        "lastModified": 1720538879,
        "narHash": "sha256-XxB4jQu9xAi/7XDcwsd0hGLSs74ysjg0N/uaTHjqByI=",
        "owner": "MattiasMTS",
        "repo": "cmp-dbee",
        "rev": "1650f67b9bf43c029fc37570665ca895a33cdf5a",
        "type": "github"
      },
      "original": {
        "owner": "MattiasMTS",
        "repo": "cmp-dbee",
        "type": "github"
      }
    },
    "plugins-codecompanion": {
      "flake": false,
      "locked": {
        "lastModified": 1762388262,
        "narHash": "sha256-H16q2E47T01+Eve7i88rYWGvpzFIgLOuIQfE+9EQm3k=",
        "owner": "olimorris",
        "repo": "codecompanion.nvim",
        "rev": "6ca8768ad9aff0d6f46dcf8db576843e519e2035",
        "type": "github"
      },
      "original": {
        "owner": "olimorris",
        "repo": "codecompanion.nvim",
        "type": "github"
      }
    },
    "plugins-copilot": {
      "flake": false,
      "locked": {
        "lastModified": 1762346386,
        "narHash": "sha256-L0Dq2ekGSoplbsc/zOi3O9ZpeqLfCx2S8KCcu05cHSI=",
        "owner": "zbirenbaum",
        "repo": "copilot.lua",
        "rev": "927053b34f6d0286599370427aad3b9628e4cf12",
        "type": "github"
      },
      "original": {
        "owner": "zbirenbaum",
        "repo": "copilot.lua",
        "type": "github"
      }
    },
    "plugins-daylight": {
      "flake": false,
      "locked": {
        "lastModified": 1702426806,
        "narHash": "sha256-6nuoAdxws0rA9tUZNdyxDPTL41W4Ul1+HxXjH7ITAIA=",
        "owner": "NTBBloodbath",
        "repo": "daylight.nvim",
        "rev": "b68ddb99bb56ca868a33335527a5f9c5fbe0de2e",
        "type": "github"
      },
      "original": {
        "owner": "NTBBloodbath",
        "repo": "daylight.nvim",
        "type": "github"
      }
    },
    "plugins-dir-telescope": {
      "flake": false,
      "locked": {
        "lastModified": 1724719740,
        "narHash": "sha256-B/cZUkjAVi52jopBwZJYmiaVf8PqnawusnSGOx7dDqs=",
        "owner": "princejoogie",
        "repo": "dir-telescope.nvim",
        "rev": "805405b9f98dc3470f8676773dc0e6151a9158ed",
        "type": "github"
      },
      "original": {
        "owner": "princejoogie",
        "repo": "dir-telescope.nvim",
        "type": "github"
      }
    },
    "plugins-easycolor": {
      "flake": false,
      "locked": {
        "lastModified": 1742064021,
        "narHash": "sha256-uCgAb4KUbk3HyC/9a2OszBN0Mse8fcS6oC+6uJ56kjs=",
        "owner": "vi013t",
        "repo": "easycolor.nvim",
        "rev": "907b54a77a0f996c66bc2d5888eee891a4019a99",
        "type": "github"
      },
      "original": {
        "owner": "vi013t",
        "repo": "easycolor.nvim",
        "type": "github"
      }
    },
    "plugins-esqueleto": {
      "flake": false,
      "locked": {
        "lastModified": 1745083433,
        "narHash": "sha256-AeB4ZCoRVGTMLxku1/x+TI/LenIWryjK/PmrdwyUHKg=",
        "owner": "cvigilv",
        "repo": "esqueleto.nvim",
        "rev": "d495d8aecf6d8cc87b8f9b82276cd88393ce014b",
        "type": "github"
      },
      "original": {
        "owner": "cvigilv",
        "repo": "esqueleto.nvim",
        "type": "github"
      }
    },
    "plugins-ex-colors": {
      "flake": false,
      "locked": {
        "lastModified": 1760997032,
        "narHash": "sha256-ycf+T7q5oI73H88NoAkepXBnjMoFDgNSo/JeSZu8zf0=",
        "owner": "aileot",
        "repo": "ex-colors.nvim",
        "rev": "76a20ce29d160a4eb9f275a615dc8257cb15c58c",
        "type": "github"
      },
      "original": {
        "owner": "aileot",
        "repo": "ex-colors.nvim",
        "type": "github"
      }
    },
    "plugins-exrc": {
      "flake": false,
      "locked": {
        "lastModified": 1718698681,
        "narHash": "sha256-iF2fEIo7Pm3KtSwy7rhc//YXuqcD32BeP2h5ZYN8vKc=",
        "owner": "jedrzejboczar",
        "repo": "exrc.nvim",
        "rev": "4346164895f432f361e453d837b612e6c7cbe3e6",
        "type": "github"
      },
      "original": {
        "owner": "jedrzejboczar",
        "repo": "exrc.nvim",
        "type": "github"
      }
    },
    "plugins-garbage-day": {
      "flake": false,
      "locked": {
        "lastModified": 1758029670,
        "narHash": "sha256-qTyc90xCKrhHpqKQTKzhgJ3UlACMqJDWiP1U6L+AsOM=",
        "owner": "zeioth",
        "repo": "garbage-day.nvim",
        "rev": "9c6abdedc0407ca517745a5c8e34214fc7dafaf4",
        "type": "github"
      },
      "original": {
        "owner": "zeioth",
        "repo": "garbage-day.nvim",
        "type": "github"
      }
    },
    "plugins-git-conflict": {
      "flake": false,
      "locked": {
        "lastModified": 1735340003,
        "narHash": "sha256-CmSgmpg5K3ySXYrDjg8yTAojeLWJdSHP8uNVFyrkNhc=",
        "owner": "akinsho",
        "repo": "git-conflict.nvim",
        "rev": "a1badcd070d176172940eb55d9d59029dad1c5a6",
        "type": "github"
      },
      "original": {
        "owner": "akinsho",
        "repo": "git-conflict.nvim",
        "type": "github"
      }
    },
    "plugins-gotmpl": {
      "flake": false,
      "locked": {
        "lastModified": 1733419758,
        "narHash": "sha256-EyPti2XYpCKItyMSCBMXPxHFjZ+6e3AM4mu+KpyDC0A=",
        "owner": "ngynkvn",
        "repo": "gotmpl.nvim",
        "rev": "7c50c61a1f726d5733df7d8cc6f0dd9324661206",
        "type": "github"
      },
      "original": {
        "owner": "ngynkvn",
        "repo": "gotmpl.nvim",
        "type": "github"
      }
    },
    "plugins-guess-indent": {
      "flake": false,
      "locked": {
        "lastModified": 1742937349,
        "narHash": "sha256-M/FkwCXXhojVFEcCuHo/GkuCCSX9GlVYHBUECSZxBjs=",
        "owner": "nmac427",
        "repo": "guess-indent.nvim",
        "rev": "84a4987ff36798c2fc1169cbaff67960aed9776f",
        "type": "github"
      },
      "original": {
        "owner": "nmac427",
        "repo": "guess-indent.nvim",
        "type": "github"
      }
    },
    "plugins-harpoon": {
      "flake": false,
      "locked": {
        "lastModified": 1761924951,
        "narHash": "sha256-qQSPVMdldksNZDPZvnTiXxty+GSUqMGz8nYEFDRezrQ=",
        "owner": "ThePrimeagen",
        "repo": "harpoon",
        "rev": "87b1a3506211538f460786c23f98ec63ad9af4e5",
        "type": "github"
      },
      "original": {
        "owner": "ThePrimeagen",
        "ref": "harpoon2",
        "repo": "harpoon",
        "type": "github"
      }
    },
    "plugins-kulala": {
      "flake": false,
      "locked": {
        "lastModified": 1762151137,
        "narHash": "sha256-NQZGW4RblskDrARb8TwzufJgSClNnuIdv7twTIlYfYs=",
        "owner": "mistweaverco",
        "repo": "kulala.nvim",
        "rev": "c328aeb219c4b77106917dd2698c90ea9657281b",
        "type": "github"
      },
      "original": {
        "owner": "mistweaverco",
        "repo": "kulala.nvim",
        "type": "github"
      }
    },
    "plugins-lazydev": {
      "flake": false,
      "locked": {
        "lastModified": 1761890984,
        "narHash": "sha256-WxcJyUROhvPe2rVflFNMQQ6gCaU1e/HnbjmnqPTAxqM=",
        "owner": "folke",
        "repo": "lazydev.nvim",
        "rev": "371cd7434cbf95606f1969c2c744da31b77fcfa6",
        "type": "github"
      },
      "original": {
        "owner": "folke",
        "repo": "lazydev.nvim",
        "type": "github"
      }
    },
    "plugins-lensline": {
      "flake": false,
      "locked": {
        "lastModified": 1761511224,
        "narHash": "sha256-EKazPQdkGaC53YkQ7BcYHwBdT/eRmaaGfNpNOcqQ9dQ=",
        "owner": "oribarilan",
        "repo": "lensline.nvim",
        "rev": "ee938078aeee9751aafc20b055fcbb8aa579bb76",
        "type": "github"
      },
      "original": {
        "owner": "oribarilan",
        "repo": "lensline.nvim",
        "type": "github"
      }
    },
    "plugins-live-command": {
      "flake": false,
      "locked": {
        "lastModified": 1759052408,
        "narHash": "sha256-cdfzaHyEsjCKt0HOKnRbXfiZqdDBZU3dt2wZwnO0OhY=",
        "owner": "smjonas",
        "repo": "live-command.nvim",
        "rev": "d23d94a526a6798584d45a77235b001d4a588f8b",
        "type": "github"
      },
      "original": {
        "owner": "smjonas",
        "repo": "live-command.nvim",
        "type": "github"
      }
    },
    "plugins-lspconfig": {
      "flake": false,
      "locked": {
        "lastModified": 1762213360,
        "narHash": "sha256-NGnrfvcnChwaiWV+tt3E5aRvKcidzZ4ufDPh/1QtaNE=",
        "owner": "neovim",
        "repo": "nvim-lspconfig",
        "rev": "2010fc6ec03e2da552b4886fceb2f7bc0fc2e9c0",
        "type": "github"
      },
      "original": {
        "owner": "neovim",
        "repo": "nvim-lspconfig",
        "type": "github"
      }
    },
    "plugins-lualine-nvim": {
      "flake": false,
      "locked": {
        "lastModified": 1760596863,
        "narHash": "sha256-hdrAdG3hC2sAevQ6a9xizqPgEgnNKxuc5rBYn0pKM1c=",
        "owner": "nvim-lualine",
        "repo": "lualine.nvim",
        "rev": "3946f0122255bc377d14a59b27b609fb3ab25768",
        "type": "github"
      },
      "original": {
        "owner": "nvim-lualine",
        "repo": "lualine.nvim",
        "type": "github"
      }
    },
    "plugins-neogit": {
      "flake": false,
      "locked": {
        "lastModified": 1762240307,
        "narHash": "sha256-hi4OgCdcA29Mp4YggdZWkxyEHlZ5mNXamazwl8ivRUE=",
        "owner": "NeogitOrg",
        "repo": "neogit",
        "rev": "d2a2ae4415872fbddb2441920ab109ee52fd4916",
        "type": "github"
      },
      "original": {
        "owner": "NeogitOrg",
        "repo": "neogit",
        "type": "github"
      }
    },
    "plugins-nvim-dap-repl-highlights": {
      "flake": false,
      "locked": {
        "lastModified": 1759852002,
        "narHash": "sha256-1QjmDy4v1AvNs5F4V8C3Lu7CVQH+uOV8gU855oz2IjY=",
        "owner": "LiadOz",
        "repo": "nvim-dap-repl-highlights",
        "rev": "f31deba47fe3ee6ff8d2f13d9dbd06b2d1ae06b5",
        "type": "github"
      },
      "original": {
        "owner": "LiadOz",
        "repo": "nvim-dap-repl-highlights",
        "type": "github"
      }
    },
    "plugins-nvim-dbee": {
      "flake": false,
      "locked": {
        "lastModified": 1753439236,
        "narHash": "sha256-rvKUqUsLpGYqDVNeRVUlEPkpntahFDx4qJH7a5Uw760=",
        "owner": "kndndrj",
        "repo": "nvim-dbee",
        "rev": "dda517694889a5d238d7aa407403984da9f80cc0",
        "type": "github"
      },
      "original": {
        "owner": "kndndrj",
        "repo": "nvim-dbee",
        "type": "github"
      }
    },
    "plugins-nvim-lint": {
      "flake": false,
      "locked": {
        "lastModified": 1761994024,
        "narHash": "sha256-Uiz8u0aPz8UMVPjPrMTqI3wsBzjuikvd4MwJPpKzE9w=",
        "owner": "mfussenegger",
        "repo": "nvim-lint",
        "rev": "8c694e1a1ee2ac14df931679cd54e6b8d402c2c2",
        "type": "github"
      },
      "original": {
        "owner": "mfussenegger",
        "repo": "nvim-lint",
        "type": "github"
      }
    },
    "plugins-nvim-toggler": {
      "flake": false,
      "locked": {
        "lastModified": 1718462352,
        "narHash": "sha256-5+pFsPtA2u1m5tjkJHW9hDb/dM848jdhwnu3OWKgeIU=",
        "owner": "nguyenvukhang",
        "repo": "nvim-toggler",
        "rev": "467808600882fd6c9e33b9dbc4889b1b80cfd917",
        "type": "github"
      },
      "original": {
        "owner": "nguyenvukhang",
        "repo": "nvim-toggler",
        "type": "github"
      }
    },
    "plugins-oil": {
      "flake": false,
      "locked": {
        "lastModified": 1760913566,
        "narHash": "sha256-ebRao8UU8UI1S6Lumkd5vUiYYSj9UAazcEzThKyl8Uk=",
        "owner": "stevearc",
        "repo": "oil.nvim",
        "rev": "7e1cd7703ff2924d7038476dcbc04b950203b902",
        "type": "github"
      },
      "original": {
        "owner": "stevearc",
        "repo": "oil.nvim",
        "type": "github"
      }
    },
    "plugins-oil-git": {
      "flake": false,
      "locked": {
        "lastModified": 1756863864,
        "narHash": "sha256-QQj3ck+5GpA/htG0tZzniS5bbfRscvcfXjMUjY8F9A4=",
        "owner": "benomahony",
        "repo": "oil-git.nvim",
        "rev": "d1f27a5982df35b70fb842aa6bbfac10735c7265",
        "type": "github"
      },
      "original": {
        "owner": "benomahony",
        "repo": "oil-git.nvim",
        "type": "github"
      }
    },
    "plugins-oil-lsp-diagnostics": {
      "flake": false,
      "locked": {
        "lastModified": 1737554594,
        "narHash": "sha256-E8jukH3I8XDdgrG4XHCo9AuFbY0sLX24pjk054xmB9E=",
        "owner": "JezerM",
        "repo": "oil-lsp-diagnostics.nvim",
        "rev": "e04e3c387262b958fee75382f8ff66eae9d037f4",
        "type": "github"
      },
      "original": {
        "owner": "JezerM",
        "repo": "oil-lsp-diagnostics.nvim",
        "type": "github"
      }
    },
    "plugins-oil-vcs-status": {
      "flake": false,
      "locked": {
        "lastModified": 1737881301,
        "narHash": "sha256-ZxzrGMxD1YOa+3NutEopurrHo7RwWD1GvikWxB1t/VA=",
        "owner": "SirZenith",
        "repo": "oil-vcs-status",
        "rev": "e0dd01a19f521b2393018e8466d46120a8ffba71",
        "type": "github"
      },
      "original": {
        "owner": "SirZenith",
        "repo": "oil-vcs-status",
        "type": "github"
      }
    },
    "plugins-overseer": {
      "flake": false,
      "locked": {
        "lastModified": 1760916992,
        "narHash": "sha256-49v9ehqSHJcXXOeAIwPRUe6l/kmBpTrizkCNDYhp5Og=",
        "owner": "stevearc",
        "repo": "overseer.nvim",
        "rev": "c77c78b35d0b4d244e1cd77c25ec93a16fbbfc94",
        "type": "github"
      },
      "original": {
        "owner": "stevearc",
        "repo": "overseer.nvim",
        "type": "github"
      }
    },
    "plugins-profile": {
      "flake": false,
      "locked": {
        "lastModified": 1741191467,
        "narHash": "sha256-2Mk6VbC+K/WhTWF+yHyDhQKJhTi2rpo8VJsnO7ofHXs=",
        "owner": "stevearc",
        "repo": "profile.nvim",
        "rev": "30433d7513f0d14665c1cfcea501c90f8a63e003",
        "type": "github"
      },
      "original": {
        "owner": "stevearc",
        "repo": "profile.nvim",
        "type": "github"
      }
    },
    "plugins-quicker": {
      "flake": false,
      "locked": {
        "lastModified": 1758988629,
        "narHash": "sha256-rTfTubLhDSOWv8UtcVgEMoFHS/vAF+WR6P7Gqx9IcDs=",
        "owner": "stevearc",
        "repo": "quicker.nvim",
        "rev": "12a2291869a326424b1cbee937f4f80334433012",
        "type": "github"
      },
      "original": {
        "owner": "stevearc",
        "repo": "quicker.nvim",
        "type": "github"
      }
    },
    "plugins-render-markdown": {
      "flake": false,
      "locked": {
        "lastModified": 1762360027,
        "narHash": "sha256-J2azfg0u3U+Fcny7iP5cZFiOemTJZ4sRr2JhpTSSr6Q=",
        "owner": "MeanderingProgrammer",
        "repo": "render-markdown.nvim",
        "rev": "060c911c62f995a9db4467dde6fafd699cf94d55",
        "type": "github"
      },
      "original": {
        "owner": "MeanderingProgrammer",
        "repo": "render-markdown.nvim",
        "type": "github"
      }
    },
    "plugins-search-replace": {
      "flake": false,
      "locked": {
        "lastModified": 1694253952,
        "narHash": "sha256-hEdEBDeHbJc3efgo7djktX4RemAiX8ZvQlJIEoAgkPM=",
        "owner": "roobert",
        "repo": "search-replace.nvim",
        "rev": "d92290a02d97f4e9b8cd60d28b56b403432158d5",
        "type": "github"
      },
      "original": {
        "owner": "roobert",
        "repo": "search-replace.nvim",
        "type": "github"
      }
    },
    "plugins-sweetie": {
      "flake": false,
      "locked": {
        "lastModified": 1724836513,
        "narHash": "sha256-hAe6bc8JON5krl2U7ib/bk17MHOr3TVPxtp4xw2mHS8=",
        "owner": "NTBBloodbath",
        "repo": "sweetie.nvim",
        "rev": "d4b3d94b57ffcd0229f567e050850248be2b1dad",
        "type": "github"
      },
      "original": {
        "owner": "NTBBloodbath",
        "repo": "sweetie.nvim",
        "type": "github"
      }
    },
    "plugins-tmux-navigation": {
      "flake": false,
      "locked": {
        "lastModified": 1752544267,
        "narHash": "sha256-IEPnr/GdsAnHzdTjFnXCuMyoNLm3/Jz4cBAM0AJBrj8=",
        "owner": "christoomey",
        "repo": "vim-tmux-navigator",
        "rev": "c45243dc1f32ac6bcf6068e5300f3b2b237e576a",
        "type": "github"
      },
      "original": {
        "owner": "christoomey",
        "repo": "vim-tmux-navigator",
        "type": "github"
      }
    },
    "plugins-tokyonight": {
      "flake": false,
      "locked": {
        "lastModified": 1762332530,
        "narHash": "sha256-4zfkv3egdWJ/GCWUehV0MAIXxsrGT82Wd1Qqj1SCGOk=",
        "owner": "folke",
        "repo": "tokyonight.nvim",
        "rev": "5da1b76e64daf4c5d410f06bcb6b9cb640da7dfd",
        "type": "github"
      },
      "original": {
        "owner": "folke",
        "repo": "tokyonight.nvim",
        "type": "github"
      }
    },
    "plugins-treesitter-context": {
      "flake": false,
      "locked": {
        "lastModified": 1761077440,
        "narHash": "sha256-QdZstxKsEILwe7eUZCmMdyLPyvNKc/e7cfdYQowHWPQ=",
        "owner": "nvim-treesitter",
        "repo": "nvim-treesitter-context",
        "rev": "ec308c7827b5f8cb2dd0ad303a059c945dd21969",
        "type": "github"
      },
      "original": {
        "owner": "nvim-treesitter",
        "repo": "nvim-treesitter-context",
        "type": "github"
      }
    },
    "plugins-ts-error-translator": {
      "flake": false,
      "locked": {
        "lastModified": 1731721659,
        "narHash": "sha256-fi68jJVNTL2WlTehcl5Q8tijAeu2usjIsWXjcuixkCM=",
        "owner": "dmmulroy",
        "repo": "ts-error-translator.nvim",
        "rev": "47e5ba89f71b9e6c72eaaaaa519dd59bd6897df4",
        "type": "github"
      },
      "original": {
        "owner": "dmmulroy",
        "repo": "ts-error-translator.nvim",
        "type": "github"
      }
    },
    "plugins-typescript-tools": {
      "flake": false,
      "locked": {
        "lastModified": 1756639522,
        "narHash": "sha256-752PqPoavUK6GvqlyqR+7RoHk53zz0vQouwl1HLhUVM=",
        "owner": "pmizio",
        "repo": "typescript-tools.nvim",
        "rev": "bf11d98ad5736e1cbc1082ca9a03196d45c701f1",
        "type": "github"
      },
      "original": {
        "owner": "pmizio",
        "repo": "typescript-tools.nvim",
        "type": "github"
      }
    },
    "plugins-undotree": {
      "flake": false,
      "locked": {
        "lastModified": 1758940846,
        "narHash": "sha256-+IAcN2vFKZqdOThmj7DXcccG9maWiUgAOpBiJoHTgFo=",
        "owner": "jiaoshijie",
        "repo": "undotree",
        "rev": "1c3e7531fad0a9c27942c5438be5adbd26260470",
        "type": "github"
      },
      "original": {
        "owner": "jiaoshijie",
        "repo": "undotree",
        "type": "github"
      }
    },
    "plugins-venv-selector": {
      "flake": false,
      "locked": {
        "lastModified": 1762363400,
        "narHash": "sha256-St4oM32cGsSnzJQKBGj8jvtaiZL6DI/Plj567YlMC+0=",
        "owner": "linux-cultist",
        "repo": "venv-selector.nvim",
        "rev": "1ef6564d0bd0d9c4194711cfb696357a6119abd7",
        "type": "github"
      },
      "original": {
        "owner": "linux-cultist",
        "repo": "venv-selector.nvim",
        "type": "github"
      }
    },
    "plugins-yaml": {
      "flake": false,
      "locked": {
        "lastModified": 1760098317,
        "narHash": "sha256-NNc5Zb4EYi6L+gd76I/NxIIYgxTvHplEhy03Q9GUAuc=",
        "owner": "cuducos",
        "repo": "yaml.nvim",
        "rev": "e70ee49f7aefc79dce020d3ffc3c9447b0c52236",
        "type": "github"
      },
      "original": {
        "owner": "cuducos",
        "repo": "yaml.nvim",
        "type": "github"
      }
    },
    "quickshell": {
      "inputs": {
        "nixpkgs": [
          "caelestia-shell",
          "nixpkgs"
        ]
      },
      "locked": {
        "lastModified": 1761897390,
        "narHash": "sha256-er4gYrIoThYLjlsOMTysoRfn67d1Gci+ZpqDrtQxrA0=",
        "ref": "refs/heads/master",
        "rev": "fc704e6b5d445899a1565955268c91942a4f263f",
        "revCount": 700,
        "type": "git",
        "url": "https://git.outfoxxed.me/outfoxxed/quickshell"
      },
      "original": {
        "type": "git",
        "url": "https://git.outfoxxed.me/outfoxxed/quickshell"
      }
    },
    "quickshell_2": {
      "inputs": {
        "nixpkgs": [
          "noctalia-shell",
          "nixpkgs"
        ]
      },
      "locked": {
        "lastModified": 1761821581,
        "narHash": "sha256-nLuc6jA7z+H/6bHPEBSOYPbz7RtvNCZiTKmYItJuBmM=",
        "ref": "refs/heads/master",
        "rev": "db1777c20b936a86528c1095cbcb1ebd92801402",
        "revCount": 699,
        "type": "git",
        "url": "https://git.outfoxxed.me/outfoxxed/quickshell"
      },
      "original": {
        "type": "git",
        "url": "https://git.outfoxxed.me/outfoxxed/quickshell"
      }
    },
    "root": {
      "inputs": {
        "agenix": "agenix",
        "caelestia-shell": "caelestia-shell",
        "chaotic": "chaotic",
        "disko": "disko",
        "home-manager": "home-manager_2",
        "nixos-facter-modules": "nixos-facter-modules",
        "nixpkgs": "nixpkgs_2",
        "nixpkgs-nur": "nixpkgs-nur",
        "noctalia-shell": "noctalia-shell",
        "nvim": "nvim",
        "opiz3-nix": "opiz3-nix",
        "srvos": "srvos",
        "thb-proxy": "thb-proxy",
        "zen-browser": "zen-browser"
      }
    },
    "rust-overlay": {
      "inputs": {
        "nixpkgs": [
          "chaotic",
          "nixpkgs"
        ]
      },
      "locked": {
        "lastModified": 1762915112,
        "narHash": "sha256-d9j1g8nKmYDHy+/bIOPQTh9IwjRliqaTM0QLHMV92Ic=",
        "owner": "oxalica",
        "repo": "rust-overlay",
        "rev": "aa1e85921cfa04de7b6914982a94621fbec5cc02",
        "type": "github"
      },
      "original": {
        "owner": "oxalica",
        "repo": "rust-overlay",
        "type": "github"
      }
    },
    "srvos": {
      "inputs": {
        "nixpkgs": [
          "nixpkgs"
        ]
      },
      "locked": {
        "lastModified": 1762737305,
        "narHash": "sha256-5zN6jJ6KKBGiJeK3Q4+afZfJU7VyyUgehOAA3zYegTc=",
        "owner": "nix-community",
        "repo": "srvos",
        "rev": "c04379f95fca70b38cdd45a1a7affe6d4226912b",
        "type": "github"
      },
      "original": {
        "owner": "nix-community",
        "repo": "srvos",
        "type": "github"
      }
    },
    "systems": {
      "locked": {
        "lastModified": 1681028828,
        "narHash": "sha256-Vy1rq5AaRuLzOxct8nz4T6wlgyUR7zLU309k9mBC768=",
        "owner": "nix-systems",
        "repo": "default",
        "rev": "da67096a3b9bf56a91d16901293e51ba5b49a27e",
        "type": "github"
      },
      "original": {
        "owner": "nix-systems",
        "repo": "default",
        "type": "github"
      }
    },
    "systems_2": {
      "locked": {
        "lastModified": 1681028828,
        "narHash": "sha256-Vy1rq5AaRuLzOxct8nz4T6wlgyUR7zLU309k9mBC768=",
        "owner": "nix-systems",
        "repo": "default",
        "rev": "da67096a3b9bf56a91d16901293e51ba5b49a27e",
        "type": "github"
      },
      "original": {
        "owner": "nix-systems",
        "repo": "default",
        "type": "github"
      }
    },
    "thb-proxy": {
      "flake": false,
      "locked": {
        "path": "git+ssh@github.com:flpflan/thb-proxy.git",
        "type": "path"
      },
      "original": {
        "path": "git+ssh@github.com:flpflan/thb-proxy.git",
        "type": "path"
      },
      "parent": []
    },
    "zen-browser": {
      "inputs": {
        "nixpkgs": [
          "nixpkgs"
        ]
      },
      "locked": {
        "lastModified": 1762827415,
        "narHash": "sha256-YxPQbafcd09foVFn5yHggTZDbXsrtHVae+iwo2wGn0w=",
        "owner": "youwen5",
        "repo": "zen-browser-flake",
        "rev": "6e0ad935d9caad128d2c58b2a1ba31524c0fe7f1",
        "type": "github"
      },
      "original": {
        "owner": "youwen5",
        "repo": "zen-browser-flake",
        "type": "github"
      }
    }
  },
  "root": "root",
  "version": 7
}
