{
  "nodes": {
    "nixCats": {
      "locked": {
        "lastModified": 1770584904,
        "narHash": "sha256-9Zaz8lbKF2W9pwXZEnbiGsicHdBoU+dHt3Wv3mCJoZ8=",
        "owner": "BirdeeHub",
        "repo": "nixCats-nvim",
        "rev": "538fdde784d2909700d97a8ef307783b33a86fb1",
        "type": "github"
      },
      "original": {
        "owner": "BirdeeHub",
        "repo": "nixCats-nvim",
        "type": "github"
      }
    },
    "nixpkgs": {
      "locked": {
        "lastModified": 1773201692,
        "narHash": "sha256-NXrKzNMniu4Oam2kAFvqJ3GB2kAvlAFIriTAheaY8hw=",
        "owner": "nixos",
        "repo": "nixpkgs",
        "rev": "b6067cc0127d4db9c26c79e4de0513e58d0c40c9",
        "type": "github"
      },
      "original": {
        "owner": "nixos",
        "ref": "nixpkgs-unstable",
        "repo": "nixpkgs",
        "type": "github"
      }
    },
    "plugins-cmp-dbee": {
      "flake": false,
      "locked": {
        "lastModified": 1720538879,
        "narHash": "sha256-XxB4jQu9xAi/7XDcwsd0hGLSs74ysjg0N/uaTHjqByI=",
        "owner": "MattiasMTS",
        "repo": "cmp-dbee",
        "rev": "1650f67b9bf43c029fc37570665ca895a33cdf5a",
        "type": "github"
      },
      "original": {
        "owner": "MattiasMTS",
        "repo": "cmp-dbee",
        "type": "github"
      }
    },
    "plugins-direnv": {
      "flake": false,
      "locked": {
        "lastModified": 1769498531,
        "narHash": "sha256-TlQ3oTRirUf/Po1KWCL4wDp8GgrJXzYWQx0C5qyZFeQ=",
        "owner": "NotAShelf",
        "repo": "direnv.nvim",
        "rev": "9e58bb5e8db19d8bf2626de8e94a85fc305a8c1e",
        "type": "github"
      },
      "original": {
        "owner": "NotAShelf",
        "repo": "direnv.nvim",
        "type": "github"
      }
    },
    "plugins-exrc": {
      "flake": false,
      "locked": {
        "lastModified": 1718698681,
        "narHash": "sha256-iF2fEIo7Pm3KtSwy7rhc//YXuqcD32BeP2h5ZYN8vKc=",
        "owner": "jedrzejboczar",
        "repo": "exrc.nvim",
        "rev": "4346164895f432f361e453d837b612e6c7cbe3e6",
        "type": "github"
      },
      "original": {
        "owner": "jedrzejboczar",
        "repo": "exrc.nvim",
        "type": "github"
      }
    },
    "plugins-garbage-day": {
      "flake": false,
      "locked": {
        "lastModified": 1772039903,
        "narHash": "sha256-GabA9whTRQpBbQjc5pyGGVnehBG2i+lwiqJLx31tTLE=",
        "owner": "zeioth",
        "repo": "garbage-day.nvim",
        "rev": "2fcc56556281de8ee871a5f3beb9db7ab747ef32",
        "type": "github"
      },
      "original": {
        "owner": "zeioth",
        "repo": "garbage-day.nvim",
        "type": "github"
      }
    },
    "plugins-keytrail": {
      "flake": false,
      "locked": {
        "lastModified": 1765757689,
        "narHash": "sha256-553/nB07afQIzS1R27MDzRCZfXI4GAbuT4K6GrRsAaY=",
        "owner": "JFryy",
        "repo": "keytrail.nvim",
        "rev": "30518524868028d3d460ec8541c1cd0d57aef710",
        "type": "github"
      },
      "original": {
        "owner": "JFryy",
        "repo": "keytrail.nvim",
        "type": "github"
      }
    },
    "plugins-neotab": {
      "flake": false,
      "locked": {
        "lastModified": 1754332989,
        "narHash": "sha256-pSLvpKqfi1hQrFAYmXTOUOYERtnr79M23z5so2JOGhE=",
        "owner": "kawre",
        "repo": "neotab.nvim",
        "rev": "e99d3e28c5a2066d2d368dfe4ef3827c8d75d337",
        "type": "github"
      },
      "original": {
        "owner": "kawre",
        "repo": "neotab.nvim",
        "type": "github"
      }
    },
    "plugins-nvim-better-n": {
      "flake": false,
      "locked": {
        "lastModified": 1767883445,
        "narHash": "sha256-XMzC6CJ/Ku5gyBXccrvtE6dUt8aCgkZDhsg4YX/H7AA=",
        "owner": "jonatan-branting",
        "repo": "nvim-better-n",
        "rev": "76fc575beafcf747d72ec33368d4034c9466328a",
        "type": "github"
      },
      "original": {
        "owner": "jonatan-branting",
        "repo": "nvim-better-n",
        "type": "github"
      }
    },
    "plugins-nvim-toggler": {
      "flake": false,
      "locked": {
        "lastModified": 1718462352,
        "narHash": "sha256-5+pFsPtA2u1m5tjkJHW9hDb/dM848jdhwnu3OWKgeIU=",
        "owner": "nguyenvukhang",
        "repo": "nvim-toggler",
        "rev": "467808600882fd6c9e33b9dbc4889b1b80cfd917",
        "type": "github"
      },
      "original": {
        "owner": "nguyenvukhang",
        "repo": "nvim-toggler",
        "type": "github"
      }
    },
    "plugins-oil-vcs-status": {
      "flake": false,
      "locked": {
        "lastModified": 1737881301,
        "narHash": "sha256-ZxzrGMxD1YOa+3NutEopurrHo7RwWD1GvikWxB1t/VA=",
        "owner": "SirZenith",
        "repo": "oil-vcs-status",
        "rev": "e0dd01a19f521b2393018e8466d46120a8ffba71",
        "type": "github"
      },
      "original": {
        "owner": "SirZenith",
        "repo": "oil-vcs-status",
        "type": "github"
      }
    },
    "plugins-smart-motion": {
      "flake": false,
      "locked": {
        "lastModified": 1773090258,
        "narHash": "sha256-9tl24bK1POyFLRP6XBjSbbdKo7ZD76pOQsWqhM/Go5A=",
        "owner": "FluxxField",
        "repo": "smart-motion.nvim",
        "rev": "58d76b8d5aa3e4204834d4de46271f6f31245789",
        "type": "github"
      },
      "original": {
        "owner": "FluxxField",
        "repo": "smart-motion.nvim",
        "type": "github"
      }
    },
    "plugins-smart-paste": {
      "flake": false,
      "locked": {
        "lastModified": 1771692641,
        "narHash": "sha256-aJIiei3YCFKKD9KzytifOjO+KIhhL5EFdfVkpAv2hJc=",
        "owner": "nemanjamalesija",
        "repo": "smart-paste.nvim",
        "rev": "328f90f7f4535f58d5bd987edb48588836efdecc",
        "type": "github"
      },
      "original": {
        "owner": "nemanjamalesija",
        "repo": "smart-paste.nvim",
        "type": "github"
      }
    },
    "plugins-ts-error-translator": {
      "flake": false,
      "locked": {
        "lastModified": 1767484144,
        "narHash": "sha256-kjZwfvb0B7GC4dBBSdgC/zRmCUCfCm4H5J+8SFzANJ4=",
        "owner": "dmmulroy",
        "repo": "ts-error-translator.nvim",
        "rev": "558abff11b9e8f4cefc0de09df780c56841c7a4b",
        "type": "github"
      },
      "original": {
        "owner": "dmmulroy",
        "repo": "ts-error-translator.nvim",
        "type": "github"
      }
    },
    "plugins-yaml": {
      "flake": false,
      "locked": {
        "lastModified": 1767561112,
        "narHash": "sha256-2fDNV0usUsGN45igalfVpZ1AXzerwUAOWcXU2/OIgbQ=",
        "owner": "cuducos",
        "repo": "yaml.nvim",
        "rev": "43ddedd0f3b060b4475e19e762b1796fce1b23be",
        "type": "github"
      },
      "original": {
        "owner": "cuducos",
        "repo": "yaml.nvim",
        "type": "github"
      }
    },
    "root": {
      "inputs": {
        "nixCats": "nixCats",
        "nixpkgs": "nixpkgs",
        "plugins-cmp-dbee": "plugins-cmp-dbee",
        "plugins-direnv": "plugins-direnv",
        "plugins-exrc": "plugins-exrc",
        "plugins-garbage-day": "plugins-garbage-day",
        "plugins-keytrail": "plugins-keytrail",
        "plugins-neotab": "plugins-neotab",
        "plugins-nvim-better-n": "plugins-nvim-better-n",
        "plugins-nvim-toggler": "plugins-nvim-toggler",
        "plugins-oil-vcs-status": "plugins-oil-vcs-status",
        "plugins-smart-motion": "plugins-smart-motion",
        "plugins-smart-paste": "plugins-smart-paste",
        "plugins-ts-error-translator": "plugins-ts-error-translator",
        "plugins-yaml": "plugins-yaml"
      }
    }
  },
  "root": "root",
  "version": 7
}
