{
  "nodes": {
    "flake-compat": {
      "flake": false,
      "locked": {
        "lastModified": 1747046372,
        "narHash": "sha256-CIVLLkVgvHYbgI2UpXvIIBJ12HWgX+fjA8Xf8PUmqCY=",
        "owner": "edolstra",
        "repo": "flake-compat",
        "rev": "9100a0f413b0c601e0533d1d94ffd501ce2e7885",
        "type": "github"
      },
      "original": {
        "owner": "edolstra",
        "repo": "flake-compat",
        "type": "github"
      }
    },
    "flake-compat_2": {
      "flake": false,
      "locked": {
        "lastModified": 1747046372,
        "narHash": "sha256-CIVLLkVgvHYbgI2UpXvIIBJ12HWgX+fjA8Xf8PUmqCY=",
        "owner": "edolstra",
        "repo": "flake-compat",
        "rev": "9100a0f413b0c601e0533d1d94ffd501ce2e7885",
        "type": "github"
      },
      "original": {
        "owner": "edolstra",
        "repo": "flake-compat",
        "type": "github"
      }
    },
    "flake-parts": {
      "inputs": {
        "nixpkgs-lib": [
          "neovim-nightly-overlay",
          "nixpkgs"
        ]
      },
      "locked": {
        "lastModified": 1760948891,
        "narHash": "sha256-TmWcdiUUaWk8J4lpjzu4gCGxWY6/Ok7mOK4fIFfBuU4=",
        "owner": "hercules-ci",
        "repo": "flake-parts",
        "rev": "864599284fc7c0ba6357ed89ed5e2cd5040f0c04",
        "type": "github"
      },
      "original": {
        "owner": "hercules-ci",
        "repo": "flake-parts",
        "type": "github"
      }
    },
    "git-hooks": {
      "inputs": {
        "flake-compat": "flake-compat_2",
        "gitignore": "gitignore",
        "nixpkgs": [
          "neovim-nightly-overlay",
          "nixpkgs"
        ]
      },
      "locked": {
        "lastModified": 1760663237,
        "narHash": "sha256-BflA6U4AM1bzuRMR8QqzPXqh8sWVCNDzOdsxXEguJIc=",
        "owner": "cachix",
        "repo": "git-hooks.nix",
        "rev": "ca5b894d3e3e151ffc1db040b6ce4dcc75d31c37",
        "type": "github"
      },
      "original": {
        "owner": "cachix",
        "repo": "git-hooks.nix",
        "type": "github"
      }
    },
    "gitignore": {
      "inputs": {
        "nixpkgs": [
          "neovim-nightly-overlay",
          "git-hooks",
          "nixpkgs"
        ]
      },
      "locked": {
        "lastModified": 1709087332,
        "narHash": "sha256-HG2cCnktfHsKV0s4XW83gU3F57gaTljL9KNSuG6bnQs=",
        "owner": "hercules-ci",
        "repo": "gitignore.nix",
        "rev": "637db329424fd7e46cf4185293b9cc8c88c95394",
        "type": "github"
      },
      "original": {
        "owner": "hercules-ci",
        "repo": "gitignore.nix",
        "type": "github"
      }
    },
    "hercules-ci-effects": {
      "inputs": {
        "flake-parts": [
          "neovim-nightly-overlay",
          "flake-parts"
        ],
        "nixpkgs": [
          "neovim-nightly-overlay",
          "nixpkgs"
        ]
      },
      "locked": {
        "lastModified": 1758022363,
        "narHash": "sha256-ENUhCRWgSX4ni751HieNuQoq06dJvApV/Nm89kh+/A0=",
        "owner": "hercules-ci",
        "repo": "hercules-ci-effects",
        "rev": "1a3667d33e247ad35ca250698d63f49a5453d824",
        "type": "github"
      },
      "original": {
        "owner": "hercules-ci",
        "repo": "hercules-ci-effects",
        "type": "github"
      }
    },
    "neovim-nightly-overlay": {
      "inputs": {
        "flake-compat": "flake-compat",
        "flake-parts": "flake-parts",
        "git-hooks": "git-hooks",
        "hercules-ci-effects": "hercules-ci-effects",
        "neovim-src": "neovim-src",
        "nixpkgs": [
          "nixpkgs"
        ],
        "treefmt-nix": "treefmt-nix"
      },
      "locked": {
        "lastModified": 1761091506,
        "narHash": "sha256-7R93o+a1A6wASuNHLkkdW1zrRmOctkAOK9d219suTe0=",
        "owner": "nix-community",
        "repo": "neovim-nightly-overlay",
        "rev": "643f5aad118a1bb2db5caa8bfc411da794fb870f",
        "type": "github"
      },
      "original": {
        "owner": "nix-community",
        "repo": "neovim-nightly-overlay",
        "type": "github"
      }
    },
    "neovim-src": {
      "flake": false,
      "locked": {
        "lastModified": 1761068402,
        "narHash": "sha256-Kfso8/0Q4TFsqQ6Xzfy5XNlk5oj5j31h3E6BAWK0OQw=",
        "owner": "neovim",
        "repo": "neovim",
        "rev": "cf48741227a9aa77533d5adfd2379e7c16c71363",
        "type": "github"
      },
      "original": {
        "owner": "neovim",
        "repo": "neovim",
        "type": "github"
      }
    },
    "nixCats": {
      "locked": {
        "lastModified": 1759730664,
        "narHash": "sha256-boRlBQ/c4CaHsK/z04QL6+t81mcar37Io94HBX2GflY=",
        "owner": "BirdeeHub",
        "repo": "nixCats-nvim",
        "rev": "77dffad8235eb77684fcb7599487c8e9f23d5b8f",
        "type": "github"
      },
      "original": {
        "owner": "BirdeeHub",
        "repo": "nixCats-nvim",
        "type": "github"
      }
    },
    "nixpkgs": {
      "locked": {
        "lastModified": 1760965567,
        "narHash": "sha256-0JDOal5P7xzzAibvD0yTE3ptyvoVOAL0rcELmDdtSKg=",
        "owner": "nixos",
        "repo": "nixpkgs",
        "rev": "cb82756ecc37fa623f8cf3e88854f9bf7f64af93",
        "type": "github"
      },
      "original": {
        "owner": "nixos",
        "ref": "nixpkgs-unstable",
        "repo": "nixpkgs",
        "type": "github"
      }
    },
    "plugins-blink-compat": {
      "flake": false,
      "locked": {
        "lastModified": 1748464440,
        "narHash": "sha256-EMQC+2hjgAGYcBoSKkR5LV7jUsl3Oi8rL3K7FNIHXIw=",
        "owner": "Saghen",
        "repo": "blink.compat",
        "rev": "1454f14a8d855a578ceeba77c62538fa1459a67c",
        "type": "github"
      },
      "original": {
        "owner": "Saghen",
        "repo": "blink.compat",
        "type": "github"
      }
    },
    "plugins-cmp-dbee": {
      "flake": false,
      "locked": {
        "lastModified": 1720538879,
        "narHash": "sha256-XxB4jQu9xAi/7XDcwsd0hGLSs74ysjg0N/uaTHjqByI=",
        "owner": "MattiasMTS",
        "repo": "cmp-dbee",
        "rev": "1650f67b9bf43c029fc37570665ca895a33cdf5a",
        "type": "github"
      },
      "original": {
        "owner": "MattiasMTS",
        "repo": "cmp-dbee",
        "type": "github"
      }
    },
    "plugins-codecompanion": {
      "flake": false,
      "locked": {
        "lastModified": 1761083484,
        "narHash": "sha256-A6k2KJeWCa1v7NSf302FVj0E4nz7RwKDVSobS0lbHv4=",
        "owner": "olimorris",
        "repo": "codecompanion.nvim",
        "rev": "e69aebb2930911824ba81bfcbe7205d638144788",
        "type": "github"
      },
      "original": {
        "owner": "olimorris",
        "repo": "codecompanion.nvim",
        "type": "github"
      }
    },
    "plugins-copilot": {
      "flake": false,
      "locked": {
        "lastModified": 1760726160,
        "narHash": "sha256-LM7JFBhBQ9uSWODzVJYT29cT6ra5fLFz/5uoto4/K30=",
        "owner": "zbirenbaum",
        "repo": "copilot.lua",
        "rev": "3123983d00ae6859f8bc987d14ebb524bb41b618",
        "type": "github"
      },
      "original": {
        "owner": "zbirenbaum",
        "repo": "copilot.lua",
        "type": "github"
      }
    },
    "plugins-daylight": {
      "flake": false,
      "locked": {
        "lastModified": 1702426806,
        "narHash": "sha256-6nuoAdxws0rA9tUZNdyxDPTL41W4Ul1+HxXjH7ITAIA=",
        "owner": "NTBBloodbath",
        "repo": "daylight.nvim",
        "rev": "b68ddb99bb56ca868a33335527a5f9c5fbe0de2e",
        "type": "github"
      },
      "original": {
        "owner": "NTBBloodbath",
        "repo": "daylight.nvim",
        "type": "github"
      }
    },
    "plugins-dir-telescope": {
      "flake": false,
      "locked": {
        "lastModified": 1724719740,
        "narHash": "sha256-B/cZUkjAVi52jopBwZJYmiaVf8PqnawusnSGOx7dDqs=",
        "owner": "princejoogie",
        "repo": "dir-telescope.nvim",
        "rev": "805405b9f98dc3470f8676773dc0e6151a9158ed",
        "type": "github"
      },
      "original": {
        "owner": "princejoogie",
        "repo": "dir-telescope.nvim",
        "type": "github"
      }
    },
    "plugins-easycolor": {
      "flake": false,
      "locked": {
        "lastModified": 1742064021,
        "narHash": "sha256-uCgAb4KUbk3HyC/9a2OszBN0Mse8fcS6oC+6uJ56kjs=",
        "owner": "vi013t",
        "repo": "easycolor.nvim",
        "rev": "907b54a77a0f996c66bc2d5888eee891a4019a99",
        "type": "github"
      },
      "original": {
        "owner": "vi013t",
        "repo": "easycolor.nvim",
        "type": "github"
      }
    },
    "plugins-esqueleto": {
      "flake": false,
      "locked": {
        "lastModified": 1745083433,
        "narHash": "sha256-AeB4ZCoRVGTMLxku1/x+TI/LenIWryjK/PmrdwyUHKg=",
        "owner": "cvigilv",
        "repo": "esqueleto.nvim",
        "rev": "d495d8aecf6d8cc87b8f9b82276cd88393ce014b",
        "type": "github"
      },
      "original": {
        "owner": "cvigilv",
        "repo": "esqueleto.nvim",
        "type": "github"
      }
    },
    "plugins-ex-colors": {
      "flake": false,
      "locked": {
        "lastModified": 1760997032,
        "narHash": "sha256-ycf+T7q5oI73H88NoAkepXBnjMoFDgNSo/JeSZu8zf0=",
        "owner": "aileot",
        "repo": "ex-colors.nvim",
        "rev": "76a20ce29d160a4eb9f275a615dc8257cb15c58c",
        "type": "github"
      },
      "original": {
        "owner": "aileot",
        "repo": "ex-colors.nvim",
        "type": "github"
      }
    },
    "plugins-exrc": {
      "flake": false,
      "locked": {
        "lastModified": 1718698681,
        "narHash": "sha256-iF2fEIo7Pm3KtSwy7rhc//YXuqcD32BeP2h5ZYN8vKc=",
        "owner": "jedrzejboczar",
        "repo": "exrc.nvim",
        "rev": "4346164895f432f361e453d837b612e6c7cbe3e6",
        "type": "github"
      },
      "original": {
        "owner": "jedrzejboczar",
        "repo": "exrc.nvim",
        "type": "github"
      }
    },
    "plugins-garbage-day": {
      "flake": false,
      "locked": {
        "lastModified": 1758029670,
        "narHash": "sha256-qTyc90xCKrhHpqKQTKzhgJ3UlACMqJDWiP1U6L+AsOM=",
        "owner": "zeioth",
        "repo": "garbage-day.nvim",
        "rev": "9c6abdedc0407ca517745a5c8e34214fc7dafaf4",
        "type": "github"
      },
      "original": {
        "owner": "zeioth",
        "repo": "garbage-day.nvim",
        "type": "github"
      }
    },
    "plugins-git-conflict": {
      "flake": false,
      "locked": {
        "lastModified": 1735340003,
        "narHash": "sha256-CmSgmpg5K3ySXYrDjg8yTAojeLWJdSHP8uNVFyrkNhc=",
        "owner": "akinsho",
        "repo": "git-conflict.nvim",
        "rev": "a1badcd070d176172940eb55d9d59029dad1c5a6",
        "type": "github"
      },
      "original": {
        "owner": "akinsho",
        "repo": "git-conflict.nvim",
        "type": "github"
      }
    },
    "plugins-gotmpl": {
      "flake": false,
      "locked": {
        "lastModified": 1733419758,
        "narHash": "sha256-EyPti2XYpCKItyMSCBMXPxHFjZ+6e3AM4mu+KpyDC0A=",
        "owner": "ngynkvn",
        "repo": "gotmpl.nvim",
        "rev": "7c50c61a1f726d5733df7d8cc6f0dd9324661206",
        "type": "github"
      },
      "original": {
        "owner": "ngynkvn",
        "repo": "gotmpl.nvim",
        "type": "github"
      }
    },
    "plugins-guess-indent": {
      "flake": false,
      "locked": {
        "lastModified": 1742937349,
        "narHash": "sha256-M/FkwCXXhojVFEcCuHo/GkuCCSX9GlVYHBUECSZxBjs=",
        "owner": "nmac427",
        "repo": "guess-indent.nvim",
        "rev": "84a4987ff36798c2fc1169cbaff67960aed9776f",
        "type": "github"
      },
      "original": {
        "owner": "nmac427",
        "repo": "guess-indent.nvim",
        "type": "github"
      }
    },
    "plugins-harpoon": {
      "flake": false,
      "locked": {
        "lastModified": 1739222527,
        "narHash": "sha256-L7FvOV6KvD58BnY3no5IudiKTdgkGqhpS85RoSxtl7U=",
        "owner": "ThePrimeagen",
        "repo": "harpoon",
        "rev": "ed1f853847ffd04b2b61c314865665e1dadf22c7",
        "type": "github"
      },
      "original": {
        "owner": "ThePrimeagen",
        "ref": "harpoon2",
        "repo": "harpoon",
        "type": "github"
      }
    },
    "plugins-kulala": {
      "flake": false,
      "locked": {
        "lastModified": 1760891205,
        "narHash": "sha256-ulCzDEdGLjrWXYI2hR3SfmlFAMPprhtmQ94XQJKNqb8=",
        "owner": "mistweaverco",
        "repo": "kulala.nvim",
        "rev": "183bf444bfffe957fdb83c5aac53b10cd4dced00",
        "type": "github"
      },
      "original": {
        "owner": "mistweaverco",
        "repo": "kulala.nvim",
        "type": "github"
      }
    },
    "plugins-lazydev": {
      "flake": false,
      "locked": {
        "lastModified": 1759951614,
        "narHash": "sha256-QZzURtkmMPLZq5stjtfsdDvthHtyMfW8OoJ/kQ3k98s=",
        "owner": "folke",
        "repo": "lazydev.nvim",
        "rev": "e28ce52fc7ff79fcb76f0e79ee6fb6182fca90b9",
        "type": "github"
      },
      "original": {
        "owner": "folke",
        "repo": "lazydev.nvim",
        "type": "github"
      }
    },
    "plugins-lensline": {
      "flake": false,
      "locked": {
        "lastModified": 1758979710,
        "narHash": "sha256-aMOLIcW6BnSWBWqWnZXqlo9c8JLkkfn77gfSdhf1DF0=",
        "owner": "oribarilan",
        "repo": "lensline.nvim",
        "rev": "9ae1e4a4d47533dc5bba301e790dcda44ec62be6",
        "type": "github"
      },
      "original": {
        "owner": "oribarilan",
        "repo": "lensline.nvim",
        "type": "github"
      }
    },
    "plugins-live-command": {
      "flake": false,
      "locked": {
        "lastModified": 1759052408,
        "narHash": "sha256-cdfzaHyEsjCKt0HOKnRbXfiZqdDBZU3dt2wZwnO0OhY=",
        "owner": "smjonas",
        "repo": "live-command.nvim",
        "rev": "d23d94a526a6798584d45a77235b001d4a588f8b",
        "type": "github"
      },
      "original": {
        "owner": "smjonas",
        "repo": "live-command.nvim",
        "type": "github"
      }
    },
    "plugins-lspconfig": {
      "flake": false,
      "locked": {
        "lastModified": 1760998175,
        "narHash": "sha256-1pGZNc8gvXU/FVpt81AlFfkVFKnBgqUM9kTfodU8+pA=",
        "owner": "neovim",
        "repo": "nvim-lspconfig",
        "rev": "e5c61b02f33b5c6538be25b2696b33b4cc91e667",
        "type": "github"
      },
      "original": {
        "owner": "neovim",
        "repo": "nvim-lspconfig",
        "type": "github"
      }
    },
    "plugins-lualine-nvim": {
      "flake": false,
      "locked": {
        "lastModified": 1760596863,
        "narHash": "sha256-hdrAdG3hC2sAevQ6a9xizqPgEgnNKxuc5rBYn0pKM1c=",
        "owner": "nvim-lualine",
        "repo": "lualine.nvim",
        "rev": "3946f0122255bc377d14a59b27b609fb3ab25768",
        "type": "github"
      },
      "original": {
        "owner": "nvim-lualine",
        "repo": "lualine.nvim",
        "type": "github"
      }
    },
    "plugins-neogit": {
      "flake": false,
      "locked": {
        "lastModified": 1760349375,
        "narHash": "sha256-5xe28BZjgimyjc1soTdagjvPi1YKoj1RHc0wq+KUOus=",
        "owner": "NeogitOrg",
        "repo": "neogit",
        "rev": "0f48491ae0046796841aaa97d439267982fe72db",
        "type": "github"
      },
      "original": {
        "owner": "NeogitOrg",
        "repo": "neogit",
        "type": "github"
      }
    },
    "plugins-nvim-dap-repl-highlights": {
      "flake": false,
      "locked": {
        "lastModified": 1759852002,
        "narHash": "sha256-1QjmDy4v1AvNs5F4V8C3Lu7CVQH+uOV8gU855oz2IjY=",
        "owner": "LiadOz",
        "repo": "nvim-dap-repl-highlights",
        "rev": "f31deba47fe3ee6ff8d2f13d9dbd06b2d1ae06b5",
        "type": "github"
      },
      "original": {
        "owner": "LiadOz",
        "repo": "nvim-dap-repl-highlights",
        "type": "github"
      }
    },
    "plugins-nvim-dbee": {
      "flake": false,
      "locked": {
        "lastModified": 1753439236,
        "narHash": "sha256-rvKUqUsLpGYqDVNeRVUlEPkpntahFDx4qJH7a5Uw760=",
        "owner": "kndndrj",
        "repo": "nvim-dbee",
        "rev": "dda517694889a5d238d7aa407403984da9f80cc0",
        "type": "github"
      },
      "original": {
        "owner": "kndndrj",
        "repo": "nvim-dbee",
        "type": "github"
      }
    },
    "plugins-nvim-lint": {
      "flake": false,
      "locked": {
        "lastModified": 1759852544,
        "narHash": "sha256-wVEX0lCxeipvwCfdd2JbQwnhgg6UrTXixC8E1OiEblI=",
        "owner": "mfussenegger",
        "repo": "nvim-lint",
        "rev": "9da1fb942dd0668d5182f9c8dee801b9c190e2bb",
        "type": "github"
      },
      "original": {
        "owner": "mfussenegger",
        "repo": "nvim-lint",
        "type": "github"
      }
    },
    "plugins-nvim-toggler": {
      "flake": false,
      "locked": {
        "lastModified": 1718462352,
        "narHash": "sha256-5+pFsPtA2u1m5tjkJHW9hDb/dM848jdhwnu3OWKgeIU=",
        "owner": "nguyenvukhang",
        "repo": "nvim-toggler",
        "rev": "467808600882fd6c9e33b9dbc4889b1b80cfd917",
        "type": "github"
      },
      "original": {
        "owner": "nguyenvukhang",
        "repo": "nvim-toggler",
        "type": "github"
      }
    },
    "plugins-oil": {
      "flake": false,
      "locked": {
        "lastModified": 1760913566,
        "narHash": "sha256-ebRao8UU8UI1S6Lumkd5vUiYYSj9UAazcEzThKyl8Uk=",
        "owner": "stevearc",
        "repo": "oil.nvim",
        "rev": "7e1cd7703ff2924d7038476dcbc04b950203b902",
        "type": "github"
      },
      "original": {
        "owner": "stevearc",
        "repo": "oil.nvim",
        "type": "github"
      }
    },
    "plugins-oil-git": {
      "flake": false,
      "locked": {
        "lastModified": 1756863864,
        "narHash": "sha256-QQj3ck+5GpA/htG0tZzniS5bbfRscvcfXjMUjY8F9A4=",
        "owner": "benomahony",
        "repo": "oil-git.nvim",
        "rev": "d1f27a5982df35b70fb842aa6bbfac10735c7265",
        "type": "github"
      },
      "original": {
        "owner": "benomahony",
        "repo": "oil-git.nvim",
        "type": "github"
      }
    },
    "plugins-oil-lsp-diagnostics": {
      "flake": false,
      "locked": {
        "lastModified": 1737554594,
        "narHash": "sha256-E8jukH3I8XDdgrG4XHCo9AuFbY0sLX24pjk054xmB9E=",
        "owner": "JezerM",
        "repo": "oil-lsp-diagnostics.nvim",
        "rev": "e04e3c387262b958fee75382f8ff66eae9d037f4",
        "type": "github"
      },
      "original": {
        "owner": "JezerM",
        "repo": "oil-lsp-diagnostics.nvim",
        "type": "github"
      }
    },
    "plugins-oil-vcs-status": {
      "flake": false,
      "locked": {
        "lastModified": 1737881301,
        "narHash": "sha256-ZxzrGMxD1YOa+3NutEopurrHo7RwWD1GvikWxB1t/VA=",
        "owner": "SirZenith",
        "repo": "oil-vcs-status",
        "rev": "e0dd01a19f521b2393018e8466d46120a8ffba71",
        "type": "github"
      },
      "original": {
        "owner": "SirZenith",
        "repo": "oil-vcs-status",
        "type": "github"
      }
    },
    "plugins-overseer": {
      "flake": false,
      "locked": {
        "lastModified": 1760916992,
        "narHash": "sha256-49v9ehqSHJcXXOeAIwPRUe6l/kmBpTrizkCNDYhp5Og=",
        "owner": "stevearc",
        "repo": "overseer.nvim",
        "rev": "c77c78b35d0b4d244e1cd77c25ec93a16fbbfc94",
        "type": "github"
      },
      "original": {
        "owner": "stevearc",
        "repo": "overseer.nvim",
        "type": "github"
      }
    },
    "plugins-profile": {
      "flake": false,
      "locked": {
        "lastModified": 1741191467,
        "narHash": "sha256-2Mk6VbC+K/WhTWF+yHyDhQKJhTi2rpo8VJsnO7ofHXs=",
        "owner": "stevearc",
        "repo": "profile.nvim",
        "rev": "30433d7513f0d14665c1cfcea501c90f8a63e003",
        "type": "github"
      },
      "original": {
        "owner": "stevearc",
        "repo": "profile.nvim",
        "type": "github"
      }
    },
    "plugins-quicker": {
      "flake": false,
      "locked": {
        "lastModified": 1758988629,
        "narHash": "sha256-rTfTubLhDSOWv8UtcVgEMoFHS/vAF+WR6P7Gqx9IcDs=",
        "owner": "stevearc",
        "repo": "quicker.nvim",
        "rev": "12a2291869a326424b1cbee937f4f80334433012",
        "type": "github"
      },
      "original": {
        "owner": "stevearc",
        "repo": "quicker.nvim",
        "type": "github"
      }
    },
    "plugins-render-markdown": {
      "flake": false,
      "locked": {
        "lastModified": 1760678263,
        "narHash": "sha256-BXOBnDVH6e4MUvod5bYvaP9e+TU6UJzDNqNL64tVaAw=",
        "owner": "MeanderingProgrammer",
        "repo": "render-markdown.nvim",
        "rev": "475d3ad8cae486b0df6fc6050cf5b5ea1de42db8",
        "type": "github"
      },
      "original": {
        "owner": "MeanderingProgrammer",
        "repo": "render-markdown.nvim",
        "type": "github"
      }
    },
    "plugins-search-replace": {
      "flake": false,
      "locked": {
        "lastModified": 1694253952,
        "narHash": "sha256-hEdEBDeHbJc3efgo7djktX4RemAiX8ZvQlJIEoAgkPM=",
        "owner": "roobert",
        "repo": "search-replace.nvim",
        "rev": "d92290a02d97f4e9b8cd60d28b56b403432158d5",
        "type": "github"
      },
      "original": {
        "owner": "roobert",
        "repo": "search-replace.nvim",
        "type": "github"
      }
    },
    "plugins-sweetie": {
      "flake": false,
      "locked": {
        "lastModified": 1724836513,
        "narHash": "sha256-hAe6bc8JON5krl2U7ib/bk17MHOr3TVPxtp4xw2mHS8=",
        "owner": "NTBBloodbath",
        "repo": "sweetie.nvim",
        "rev": "d4b3d94b57ffcd0229f567e050850248be2b1dad",
        "type": "github"
      },
      "original": {
        "owner": "NTBBloodbath",
        "repo": "sweetie.nvim",
        "type": "github"
      }
    },
    "plugins-tmux-navigation": {
      "flake": false,
      "locked": {
        "lastModified": 1752544267,
        "narHash": "sha256-IEPnr/GdsAnHzdTjFnXCuMyoNLm3/Jz4cBAM0AJBrj8=",
        "owner": "christoomey",
        "repo": "vim-tmux-navigator",
        "rev": "c45243dc1f32ac6bcf6068e5300f3b2b237e576a",
        "type": "github"
      },
      "original": {
        "owner": "christoomey",
        "repo": "vim-tmux-navigator",
        "type": "github"
      }
    },
    "plugins-tokyonight": {
      "flake": false,
      "locked": {
        "lastModified": 1761107250,
        "narHash": "sha256-uleLfq8Ynj7jd64JXvgeXd/7JdVsCgNka/URTystnug=",
        "owner": "folke",
        "repo": "tokyonight.nvim",
        "rev": "8734a4e9a9b03549337faf5a86637abd5e16721e",
        "type": "github"
      },
      "original": {
        "owner": "folke",
        "repo": "tokyonight.nvim",
        "type": "github"
      }
    },
    "plugins-treesitter-context": {
      "flake": false,
      "locked": {
        "lastModified": 1761077440,
        "narHash": "sha256-QdZstxKsEILwe7eUZCmMdyLPyvNKc/e7cfdYQowHWPQ=",
        "owner": "nvim-treesitter",
        "repo": "nvim-treesitter-context",
        "rev": "ec308c7827b5f8cb2dd0ad303a059c945dd21969",
        "type": "github"
      },
      "original": {
        "owner": "nvim-treesitter",
        "repo": "nvim-treesitter-context",
        "type": "github"
      }
    },
    "plugins-ts-error-translator": {
      "flake": false,
      "locked": {
        "lastModified": 1731721659,
        "narHash": "sha256-fi68jJVNTL2WlTehcl5Q8tijAeu2usjIsWXjcuixkCM=",
        "owner": "dmmulroy",
        "repo": "ts-error-translator.nvim",
        "rev": "47e5ba89f71b9e6c72eaaaaa519dd59bd6897df4",
        "type": "github"
      },
      "original": {
        "owner": "dmmulroy",
        "repo": "ts-error-translator.nvim",
        "type": "github"
      }
    },
    "plugins-typescript-tools": {
      "flake": false,
      "locked": {
        "lastModified": 1756639522,
        "narHash": "sha256-752PqPoavUK6GvqlyqR+7RoHk53zz0vQouwl1HLhUVM=",
        "owner": "pmizio",
        "repo": "typescript-tools.nvim",
        "rev": "bf11d98ad5736e1cbc1082ca9a03196d45c701f1",
        "type": "github"
      },
      "original": {
        "owner": "pmizio",
        "repo": "typescript-tools.nvim",
        "type": "github"
      }
    },
    "plugins-undotree": {
      "flake": false,
      "locked": {
        "lastModified": 1758940846,
        "narHash": "sha256-+IAcN2vFKZqdOThmj7DXcccG9maWiUgAOpBiJoHTgFo=",
        "owner": "jiaoshijie",
        "repo": "undotree",
        "rev": "1c3e7531fad0a9c27942c5438be5adbd26260470",
        "type": "github"
      },
      "original": {
        "owner": "jiaoshijie",
        "repo": "undotree",
        "type": "github"
      }
    },
    "plugins-venv-selector": {
      "flake": false,
      "locked": {
        "lastModified": 1761061728,
        "narHash": "sha256-cd9zfCKxc/tOvfnecNS/0+kxO+DBAefg426WmwJ4Sg4=",
        "owner": "linux-cultist",
        "repo": "venv-selector.nvim",
        "rev": "9d528643ab17795c69dc42ce018120c397a36f8b",
        "type": "github"
      },
      "original": {
        "owner": "linux-cultist",
        "repo": "venv-selector.nvim",
        "type": "github"
      }
    },
    "plugins-yaml": {
      "flake": false,
      "locked": {
        "lastModified": 1760098317,
        "narHash": "sha256-NNc5Zb4EYi6L+gd76I/NxIIYgxTvHplEhy03Q9GUAuc=",
        "owner": "cuducos",
        "repo": "yaml.nvim",
        "rev": "e70ee49f7aefc79dce020d3ffc3c9447b0c52236",
        "type": "github"
      },
      "original": {
        "owner": "cuducos",
        "repo": "yaml.nvim",
        "type": "github"
      }
    },
    "root": {
      "inputs": {
        "neovim-nightly-overlay": "neovim-nightly-overlay",
        "nixCats": "nixCats",
        "nixpkgs": "nixpkgs",
        "plugins-blink-compat": "plugins-blink-compat",
        "plugins-cmp-dbee": "plugins-cmp-dbee",
        "plugins-codecompanion": "plugins-codecompanion",
        "plugins-copilot": "plugins-copilot",
        "plugins-daylight": "plugins-daylight",
        "plugins-dir-telescope": "plugins-dir-telescope",
        "plugins-easycolor": "plugins-easycolor",
        "plugins-esqueleto": "plugins-esqueleto",
        "plugins-ex-colors": "plugins-ex-colors",
        "plugins-exrc": "plugins-exrc",
        "plugins-garbage-day": "plugins-garbage-day",
        "plugins-git-conflict": "plugins-git-conflict",
        "plugins-gotmpl": "plugins-gotmpl",
        "plugins-guess-indent": "plugins-guess-indent",
        "plugins-harpoon": "plugins-harpoon",
        "plugins-kulala": "plugins-kulala",
        "plugins-lazydev": "plugins-lazydev",
        "plugins-lensline": "plugins-lensline",
        "plugins-live-command": "plugins-live-command",
        "plugins-lspconfig": "plugins-lspconfig",
        "plugins-lualine-nvim": "plugins-lualine-nvim",
        "plugins-neogit": "plugins-neogit",
        "plugins-nvim-dap-repl-highlights": "plugins-nvim-dap-repl-highlights",
        "plugins-nvim-dbee": "plugins-nvim-dbee",
        "plugins-nvim-lint": "plugins-nvim-lint",
        "plugins-nvim-toggler": "plugins-nvim-toggler",
        "plugins-oil": "plugins-oil",
        "plugins-oil-git": "plugins-oil-git",
        "plugins-oil-lsp-diagnostics": "plugins-oil-lsp-diagnostics",
        "plugins-oil-vcs-status": "plugins-oil-vcs-status",
        "plugins-overseer": "plugins-overseer",
        "plugins-profile": "plugins-profile",
        "plugins-quicker": "plugins-quicker",
        "plugins-render-markdown": "plugins-render-markdown",
        "plugins-search-replace": "plugins-search-replace",
        "plugins-sweetie": "plugins-sweetie",
        "plugins-tmux-navigation": "plugins-tmux-navigation",
        "plugins-tokyonight": "plugins-tokyonight",
        "plugins-treesitter-context": "plugins-treesitter-context",
        "plugins-ts-error-translator": "plugins-ts-error-translator",
        "plugins-typescript-tools": "plugins-typescript-tools",
        "plugins-undotree": "plugins-undotree",
        "plugins-venv-selector": "plugins-venv-selector",
        "plugins-yaml": "plugins-yaml"
      }
    },
    "treefmt-nix": {
      "inputs": {
        "nixpkgs": [
          "neovim-nightly-overlay",
          "nixpkgs"
        ]
      },
      "locked": {
        "lastModified": 1760945191,
        "narHash": "sha256-ZRVs8UqikBa4Ki3X4KCnMBtBW0ux1DaT35tgsnB1jM4=",
        "owner": "numtide",
        "repo": "treefmt-nix",
        "rev": "f56b1934f5f8fcab8deb5d38d42fd692632b47c2",
        "type": "github"
      },
      "original": {
        "owner": "numtide",
        "repo": "treefmt-nix",
        "type": "github"
      }
    }
  },
  "root": "root",
  "version": 7
}
